
Microsoft Visual Studio Solution File, Format Version 12.00
# Visual Studio Version 17
VisualStudioVersion = 17.9.34714.143
MinimumVisualStudioVersion = 10.0.40219.1
Project("{FAE04EC0-301F-11D3-BF4B-00C04F79EFBC}") = "CalculoMédia", "CalculoMédia.csproj", "{FA4C6C29-46A8-4E19-8ED3-2B862B826E5B}"
EndProject
Global
	GlobalSection(SolutionConfigurationPlatforms) = preSolution
		Debug|Any CPU = Debug|Any CPU
		Release|Any CPU = Release|Any CPU
	EndGlobalSection
	GlobalSection(ProjectConfigurationPlatforms) = postSolution
		{FA4C6C29-46A8-4E19-8ED3-2B862B826E5B}.Debug|Any CPU.ActiveCfg = Debug|Any CPU
		{FA4C6C29-46A8-4E19-8ED3-2B862B826E5B}.Debug|Any CPU.Build.0 = Debug|Any CPU
		{FA4C6C29-46A8-4E19-8ED3-2B862B826E5B}.Release|Any CPU.ActiveCfg = Release|Any CPU
		{FA4C6C29-46A8-4E19-8ED3-2B862B826E5B}.Release|Any CPU.Build.0 = Release|Any CPU
	EndGlobalSection
	GlobalSection(SolutionProperties) = preSolution
		HideSolutionNode = FALSE
	EndGlobalSection
	GlobalSection(ExtensibilityGlobals) = postSolution
		SolutionGuid = {02E30E35-8228-43A9-8F69-6C133E7ED5C5}
	EndGlobalSection
EndGlobal
